
Microsoft Visual Studio Solution File, Format Version 12.00
# Visual Studio Version 17
VisualStudioVersion = 17.9.34701.34
MinimumVisualStudioVersion = 10.0.40219.1
Project("{9A19103F-16F7-4668-BE54-9A1E7A4F7556}") = "Client", "Obl1\Client.csproj", "{B70E0CAF-1046-4229-B6F3-32C71E8AF781}"
EndProject
Project("{FAE04EC0-301F-11D3-BF4B-00C04F79EFBC}") = "Server", "Server\Server.csproj", "{DFAA33FD-E81D-404B-A8F7-DEB070C660AB}"
EndProject
Global
	GlobalSection(SolutionConfigurationPlatforms) = preSolution
		Debug|Any CPU = Debug|Any CPU
		Release|Any CPU = Release|Any CPU
	EndGlobalSection
	GlobalSection(ProjectConfigurationPlatforms) = postSolution
		{B70E0CAF-1046-4229-B6F3-32C71E8AF781}.Debug|Any CPU.ActiveCfg = Debug|Any CPU
		{B70E0CAF-1046-4229-B6F3-32C71E8AF781}.Debug|Any CPU.Build.0 = Debug|Any CPU
		{B70E0CAF-1046-4229-B6F3-32C71E8AF781}.Release|Any CPU.ActiveCfg = Release|Any CPU
		{B70E0CAF-1046-4229-B6F3-32C71E8AF781}.Release|Any CPU.Build.0 = Release|Any CPU
		{DFAA33FD-E81D-404B-A8F7-DEB070C660AB}.Debug|Any CPU.ActiveCfg = Debug|Any CPU
		{DFAA33FD-E81D-404B-A8F7-DEB070C660AB}.Debug|Any CPU.Build.0 = Debug|Any CPU
		{DFAA33FD-E81D-404B-A8F7-DEB070C660AB}.Release|Any CPU.ActiveCfg = Release|Any CPU
		{DFAA33FD-E81D-404B-A8F7-DEB070C660AB}.Release|Any CPU.Build.0 = Release|Any CPU
	EndGlobalSection
	GlobalSection(SolutionProperties) = preSolution
		HideSolutionNode = FALSE
	EndGlobalSection
	GlobalSection(ExtensibilityGlobals) = postSolution
		SolutionGuid = {29BF07F8-8598-4E4C-8295-16BA4B0BBD89}
	EndGlobalSection
EndGlobal
